<?xml version="1.0" encoding="utf-8"?>
<Project ToolsVersion="4.0" xmlns="http://schemas.microsoft.com/developer/msbuild/2003">
  <ItemGroup>
    <Filter Include="core">
      <UniqueIdentifier>{4E40957C-3A77-960D-E363-7C10CF79120F}</UniqueIdentifier>
    </Filter>
  </ItemGroup>
  <ItemGroup>
    <ClInclude Include="src\core\core.h">
      <Filter>core</Filter>
    </ClInclude>
    <ClInclude Include="src\core\game.h">
      <Filter>core</Filter>
    </ClInclude>
    <ClInclude Include="src\core\log.h">
      <Filter>core</Filter>
    </ClInclude>
    <ClInclude Include="src\core\startup.h">
      <Filter>core</Filter>
    </ClInclude>
    <ClInclude Include="src\susumu.h" />
  </ItemGroup>
  <ItemGroup>
    <ClCompile Include="src\core\game.cpp">
      <Filter>core</Filter>
    </ClCompile>
    <ClCompile Include="src\core\log.cpp">
      <Filter>core</Filter>
    </ClCompile>
  </ItemGroup>
</Project>