<?xml version="1.0" encoding="utf-8"?>
<Project ToolsVersion="4.0" xmlns="http://schemas.microsoft.com/developer/msbuild/2003">
  <ItemGroup>
    <Filter Include="core">
      <UniqueIdentifier>{4E40957C-3A77-960D-E363-7C10CF79120F}</UniqueIdentifier>
    </Filter>
    <Filter Include="core\events">
      <UniqueIdentifier>{92DC566A-FE91-CF5F-8786-C936F33AC663}</UniqueIdentifier>
    </Filter>
    <Filter Include="core\imgui">
      <UniqueIdentifier>{38D00F51-2488-519E-8D8F-2AFA7966EC8E}</UniqueIdentifier>
    </Filter>
    <Filter Include="platform">
      <UniqueIdentifier>{4A63C33C-3630-1E48-5F49-0CF04B7553D6}</UniqueIdentifier>
    </Filter>
    <Filter Include="platform\opengl">
      <UniqueIdentifier>{9E4DBFD0-0AD9-2C95-13EA-AF897FF48895}</UniqueIdentifier>
    </Filter>
    <Filter Include="platform\windows">
      <UniqueIdentifier>{A44FC440-9048-E392-B97A-C817A5D2C29E}</UniqueIdentifier>
    </Filter>
  </ItemGroup>
  <ItemGroup>
    <ClInclude Include="src\core\app.h">
      <Filter>core</Filter>
    </ClInclude>
    <ClInclude Include="src\core\core.h">
      <Filter>core</Filter>
    </ClInclude>
    <ClInclude Include="src\core\events\app_event.h">
      <Filter>core\events</Filter>
    </ClInclude>
    <ClInclude Include="src\core\events\event.h">
      <Filter>core\events</Filter>
    </ClInclude>
    <ClInclude Include="src\core\events\key_event.h">
      <Filter>core\events</Filter>
    </ClInclude>
    <ClInclude Include="src\core\events\mouse_event.h">
      <Filter>core\events</Filter>
    </ClInclude>
    <ClInclude Include="src\core\imgui\imgui_layer.h">
      <Filter>core\imgui</Filter>
    </ClInclude>
    <ClInclude Include="src\core\layer.h">
      <Filter>core</Filter>
    </ClInclude>
    <ClInclude Include="src\core\layer_stack.h">
      <Filter>core</Filter>
    </ClInclude>
    <ClInclude Include="src\core\log.h">
      <Filter>core</Filter>
    </ClInclude>
    <ClInclude Include="src\core\startup.h">
      <Filter>core</Filter>
    </ClInclude>
    <ClInclude Include="src\core\window.h">
      <Filter>core</Filter>
    </ClInclude>
    <ClInclude Include="src\platform\opengl\imgui_opengl_renderer.h">
      <Filter>platform\opengl</Filter>
    </ClInclude>
    <ClInclude Include="src\platform\windows\windows_window.h">
      <Filter>platform\windows</Filter>
    </ClInclude>
    <ClInclude Include="src\supch.h" />
    <ClInclude Include="src\susumu.h" />
    <ClInclude Include="src\core\input.h" />
    <ClInclude Include="src\platform\windows\windows_input.h" />
  </ItemGroup>
  <ItemGroup>
    <ClCompile Include="src\core\app.cpp">
      <Filter>core</Filter>
    </ClCompile>
    <ClCompile Include="src\core\imgui\imgui_layer.cpp">
      <Filter>core\imgui</Filter>
    </ClCompile>
    <ClCompile Include="src\core\layer.cpp">
      <Filter>core</Filter>
    </ClCompile>
    <ClCompile Include="src\core\layer_stack.cpp">
      <Filter>core</Filter>
    </ClCompile>
    <ClCompile Include="src\core\log.cpp">
      <Filter>core</Filter>
    </ClCompile>
    <ClCompile Include="src\platform\opengl\imgui_opengl_renderer.cpp">
      <Filter>platform\opengl</Filter>
    </ClCompile>
    <ClCompile Include="src\platform\windows\windows_window.cpp">
      <Filter>platform\windows</Filter>
    </ClCompile>
    <ClCompile Include="src\supch.cpp" />
    <ClCompile Include="src\platform\windows\windows_input.cpp" />
  </ItemGroup>
</Project>